// !$*UTF8*$!
{
	archiveVersion = 1;
	classes = {
	};
	objectVersion = 46;
	objects = {

/* Begin PBXBuildFile section */
		943573EF1DE2041B009C060B /* AppDelegate.swift in Sources */ = {isa = PBXBuildFile; fileRef = 943573EE1DE2041B009C060B /* AppDelegate.swift */; };
		943573F11DE2041B009C060B /* ViewController.swift in Sources */ = {isa = PBXBuildFile; fileRef = 943573F01DE2041B009C060B /* ViewController.swift */; };
		943573F41DE2041B009C060B /* Main.storyboard in Resources */ = {isa = PBXBuildFile; fileRef = 943573F21DE2041B009C060B /* Main.storyboard */; };
		943573F71DE2041B009C060B /* _00px.xcdatamodeld in Sources */ = {isa = PBXBuildFile; fileRef = 943573F51DE2041B009C060B /* _00px.xcdatamodeld */; };
		943573F91DE2041B009C060B /* Assets.xcassets in Resources */ = {isa = PBXBuildFile; fileRef = 943573F81DE2041B009C060B /* Assets.xcassets */; };
		943573FC1DE2041B009C060B /* LaunchScreen.storyboard in Resources */ = {isa = PBXBuildFile; fileRef = 943573FA1DE2041B009C060B /* LaunchScreen.storyboard */; };
		943574071DE2041B009C060B /* _00pxTests.swift in Sources */ = {isa = PBXBuildFile; fileRef = 943574061DE2041B009C060B /* _00pxTests.swift */; };
		943574121DE2041B009C060B /* _00pxUITests.swift in Sources */ = {isa = PBXBuildFile; fileRef = 943574111DE2041B009C060B /* _00pxUITests.swift */; };
/* End PBXBuildFile section */

/* Begin PBXContainerItemProxy section */
		943574031DE2041B009C060B /* PBXContainerItemProxy */ = {
			isa = PBXContainerItemProxy;
			containerPortal = 943573E31DE2041B009C060B /* Project object */;
			proxyType = 1;
			remoteGlobalIDString = 943573EA1DE2041B009C060B;
			remoteInfo = 500px;
		};
		9435740E1DE2041B009C060B /* PBXContainerItemProxy */ = {
			isa = PBXContainerItemProxy;
			containerPortal = 943573E31DE2041B009C060B /* Project object */;
			proxyType = 1;
			remoteGlobalIDString = 943573EA1DE2041B009C060B;
			remoteInfo = 500px;
		};
/* End PBXContainerItemProxy section */

/* Begin PBXFileReference section */
		943573EB1DE2041B009C060B /* 500px.app */ = {isa = PBXFileReference; explicitFileType = wrapper.application; includeInIndex = 0; path = 500px.app; sourceTree = BUILT_PRODUCTS_DIR; };
		943573EE1DE2041B009C060B /* AppDelegate.swift */ = {isa = PBXFileReference; lastKnownFileType = sourcecode.swift; path = AppDelegate.swift; sourceTree = "<group>"; };
		943573F01DE2041B009C060B /* ViewController.swift */ = {isa = PBXFileReference; lastKnownFileType = sourcecode.swift; path = ViewController.swift; sourceTree = "<group>"; };
		943573F31DE2041B009C060B /* Base */ = {isa = PBXFileReference; lastKnownFileType = file.storyboard; name = Base; path = Base.lproj/Main.storyboard; sourceTree = "<group>"; };
		943573F61DE2041B009C060B /* _00px.xcdatamodel */ = {isa = PBXFileReference; lastKnownFileType = wrapper.xcdatamodel; path = _00px.xcdatamodel; sourceTree = "<group>"; };
		943573F81DE2041B009C060B /* Assets.xcassets */ = {isa = PBXFileReference; lastKnownFileType = folder.assetcatalog; path = Assets.xcassets; sourceTree = "<group>"; };
		943573FB1DE2041B009C060B /* Base */ = {isa = PBXFileReference; lastKnownFileType = file.storyboard; name = Base; path = Base.lproj/LaunchScreen.storyboard; sourceTree = "<group>"; };
		943573FD1DE2041B009C060B /* Info.plist */ = {isa = PBXFileReference; lastKnownFileType = text.plist.xml; path = Info.plist; sourceTree = "<group>"; };
		943574021DE2041B009C060B /* 500pxTests.xctest */ = {isa = PBXFileReference; explicitFileType = wrapper.cfbundle; includeInIndex = 0; path = 500pxTests.xctest; sourceTree = BUILT_PRODUCTS_DIR; };
		943574061DE2041B009C060B /* _00pxTests.swift */ = {isa = PBXFileReference; lastKnownFileType = sourcecode.swift; path = _00pxTests.swift; sourceTree = "<group>"; };
		943574081DE2041B009C060B /* Info.plist */ = {isa = PBXFileReference; lastKnownFileType = text.plist.xml; path = Info.plist; sourceTree = "<group>"; };
		9435740D1DE2041B009C060B /* 500pxUITests.xctest */ = {isa = PBXFileReference; explicitFileType = wrapper.cfbundle; includeInIndex = 0; path = 500pxUITests.xctest; sourceTree = BUILT_PRODUCTS_DIR; };
		943574111DE2041B009C060B /* _00pxUITests.swift */ = {isa = PBXFileReference; lastKnownFileType = sourcecode.swift; path = _00pxUITests.swift; sourceTree = "<group>"; };
		943574131DE2041B009C060B /* Info.plist */ = {isa = PBXFileReference; lastKnownFileType = text.plist.xml; path = Info.plist; sourceTree = "<group>"; };
/* End PBXFileReference section */

/* Begin PBXFrameworksBuildPhase section */
		943573E81DE2041B009C060B /* Frameworks */ = {
			isa = PBXFrameworksBuildPhase;
			buildActionMask = 2147483647;
			files = (
			);
			runOnlyForDeploymentPostprocessing = 0;
		};
		943573FF1DE2041B009C060B /* Frameworks */ = {
			isa = PBXFrameworksBuildPhase;
			buildActionMask = 2147483647;
			files = (
			);
			runOnlyForDeploymentPostprocessing = 0;
		};
		9435740A1DE2041B009C060B /* Frameworks */ = {
			isa = PBXFrameworksBuildPhase;
			buildActionMask = 2147483647;
			files = (
			);
			runOnlyForDeploymentPostprocessing = 0;
		};
/* End PBXFrameworksBuildPhase section */

/* Begin PBXGroup section */
		943573E21DE2041B009C060B = {
			isa = PBXGroup;
			children = (
				943573ED1DE2041B009C060B /* 500px */,
				943574051DE2041B009C060B /* 500pxTests */,
				943574101DE2041B009C060B /* 500pxUITests */,
				943573EC1DE2041B009C060B /* Products */,
			);
			sourceTree = "<group>";
		};
		943573EC1DE2041B009C060B /* Products */ = {
			isa = PBXGroup;
			children = (
				943573EB1DE2041B009C060B /* 500px.app */,
				943574021DE2041B009C060B /* 500pxTests.xctest */,
				9435740D1DE2041B009C060B /* 500pxUITests.xctest */,
			);
			name = Products;
			sourceTree = "<group>";
		};
		943573ED1DE2041B009C060B /* 500px */ = {
			isa = PBXGroup;
			children = (
				943573EE1DE2041B009C060B /* AppDelegate.swift */,
				943573F01DE2041B009C060B /* ViewController.swift */,
				943573F21DE2041B009C060B /* Main.storyboard */,
				943573F81DE2041B009C060B /* Assets.xcassets */,
				943573FA1DE2041B009C060B /* LaunchScreen.storyboard */,
				943573FD1DE2041B009C060B /* Info.plist */,
				943573F51DE2041B009C060B /* _00px.xcdatamodeld */,
			);
			path = 500px;
			sourceTree = "<group>";
		};
		943574051DE2041B009C060B /* 500pxTests */ = {
			isa = PBXGroup;
			children = (
				943574061DE2041B009C060B /* _00pxTests.swift */,
				943574081DE2041B009C060B /* Info.plist */,
			);
			path = 500pxTests;
			sourceTree = "<group>";
		};
		943574101DE2041B009C060B /* 500pxUITests */ = {
			isa = PBXGroup;
			children = (
				943574111DE2041B009C060B /* _00pxUITests.swift */,
				943574131DE2041B009C060B /* Info.plist */,
			);
			path = 500pxUITests;
			sourceTree = "<group>";
		};
/* End PBXGroup section */

/* Begin PBXNativeTarget section */
		943573EA1DE2041B009C060B /* 500px */ = {
			isa = PBXNativeTarget;
			buildConfigurationList = 943574161DE2041B009C060B /* Build configuration list for PBXNativeTarget "500px" */;
			buildPhases = (
				943573E71DE2041B009C060B /* Sources */,
				943573E81DE2041B009C060B /* Frameworks */,
				943573E91DE2041B009C060B /* Resources */,
			);
			buildRules = (
			);
			dependencies = (
			);
			name = 500px;
			productName = 500px;
			productReference = 943573EB1DE2041B009C060B /* 500px.app */;
			productType = "com.apple.product-type.application";
		};
		943574011DE2041B009C060B /* 500pxTests */ = {
			isa = PBXNativeTarget;
			buildConfigurationList = 943574191DE2041B009C060B /* Build configuration list for PBXNativeTarget "500pxTests" */;
			buildPhases = (
				943573FE1DE2041B009C060B /* Sources */,
				943573FF1DE2041B009C060B /* Frameworks */,
				943574001DE2041B009C060B /* Resources */,
			);
			buildRules = (
			);
			dependencies = (
				943574041DE2041B009C060B /* PBXTargetDependency */,
			);
			name = 500pxTests;
			productName = 500pxTests;
			productReference = 943574021DE2041B009C060B /* 500pxTests.xctest */;
			productType = "com.apple.product-type.bundle.unit-test";
		};
		9435740C1DE2041B009C060B /* 500pxUITests */ = {
			isa = PBXNativeTarget;
			buildConfigurationList = 9435741C1DE2041B009C060B /* Build configuration list for PBXNativeTarget "500pxUITests" */;
			buildPhases = (
				943574091DE2041B009C060B /* Sources */,
				9435740A1DE2041B009C060B /* Frameworks */,
				9435740B1DE2041B009C060B /* Resources */,
			);
			buildRules = (
			);
			dependencies = (
				9435740F1DE2041B009C060B /* PBXTargetDependency */,
			);
			name = 500pxUITests;
			productName = 500pxUITests;
			productReference = 9435740D1DE2041B009C060B /* 500pxUITests.xctest */;
			productType = "com.apple.product-type.bundle.ui-testing";
		};
/* End PBXNativeTarget section */

/* Begin PBXProject section */
		943573E31DE2041B009C060B /* Project object */ = {
			isa = PBXProject;
			attributes = {
				LastSwiftUpdateCheck = 0730;
				LastUpgradeCheck = 0730;
				ORGANIZATIONNAME = "Joshua Alvarado";
				TargetAttributes = {
					943573EA1DE2041B009C060B = {
						CreatedOnToolsVersion = 7.3.1;
					};
					943574011DE2041B009C060B = {
						CreatedOnToolsVersion = 7.3.1;
						TestTargetID = 943573EA1DE2041B009C060B;
					};
					9435740C1DE2041B009C060B = {
						CreatedOnToolsVersion = 7.3.1;
						TestTargetID = 943573EA1DE2041B009C060B;
					};
				};
			};
			buildConfigurationList = 943573E61DE2041B009C060B /* Build configuration list for PBXProject "500px" */;
			compatibilityVersion = "Xcode 3.2";
			developmentRegion = English;
			hasScannedForEncodings = 0;
			knownRegions = (
				en,
				Base,
			);
			mainGroup = 943573E21DE2041B009C060B;
			productRefGroup = 943573EC1DE2041B009C060B /* Products */;
			projectDirPath = "";
			projectRoot = "";
			targets = (
				943573EA1DE2041B009C060B /* 500px */,
				943574011DE2041B009C060B /* 500pxTests */,
				9435740C1DE2041B009C060B /* 500pxUITests */,
			);
		};
/* End PBXProject section */

/* Begin PBXResourcesBuildPhase section */
		943573E91DE2041B009C060B /* Resources */ = {
			isa = PBXResourcesBuildPhase;
			buildActionMask = 2147483647;
			files = (
				943573FC1DE2041B009C060B /* LaunchScreen.storyboard in Resources */,
				943573F91DE2041B009C060B /* Assets.xcassets in Resources */,
				943573F41DE2041B009C060B /* Main.storyboard in Resources */,
			);
			runOnlyForDeploymentPostprocessing = 0;
		};
		943574001DE2041B009C060B /* Resources */ = {
			isa = PBXResourcesBuildPhase;
			buildActionMask = 2147483647;
			files = (
			);
			runOnlyForDeploymentPostprocessing = 0;
		};
		9435740B1DE2041B009C060B /* Resources */ = {
			isa = PBXResourcesBuildPhase;
			buildActionMask = 2147483647;
			files = (
			);
			runOnlyForDeploymentPostprocessing = 0;
		};
/* End PBXResourcesBuildPhase section */

/* Begin PBXSourcesBuildPhase section */
		943573E71DE2041B009C060B /* Sources */ = {
			isa = PBXSourcesBuildPhase;
			buildActionMask = 2147483647;
			files = (
				943573F11DE2041B009C060B /* ViewController.swift in Sources */,
				943573EF1DE2041B009C060B /* AppDelegate.swift in Sources */,
				943573F71DE2041B009C060B /* _00px.xcdatamodeld in Sources */,
			);
			runOnlyForDeploymentPostprocessing = 0;
		};
		943573FE1DE2041B009C060B /* Sources */ = {
			isa = PBXSourcesBuildPhase;
			buildActionMask = 2147483647;
			files = (
				943574071DE2041B009C060B /* _00pxTests.swift in Sources */,
			);
			runOnlyForDeploymentPostprocessing = 0;
		};
		943574091DE2041B009C060B /* Sources */ = {
			isa = PBXSourcesBuildPhase;
			buildActionMask = 2147483647;
			files = (
				943574121DE2041B009C060B /* _00pxUITests.swift in Sources */,
			);
			runOnlyForDeploymentPostprocessing = 0;
		};
/* End PBXSourcesBuildPhase section */

/* Begin PBXTargetDependency section */
		943574041DE2041B009C060B /* PBXTargetDependency */ = {
			isa = PBXTargetDependency;
			target = 943573EA1DE2041B009C060B /* 500px */;
			targetProxy = 943574031DE2041B009C060B /* PBXContainerItemProxy */;
		};
		9435740F1DE2041B009C060B /* PBXTargetDependency */ = {
			isa = PBXTargetDependency;
			target = 943573EA1DE2041B009C060B /* 500px */;
			targetProxy = 9435740E1DE2041B009C060B /* PBXContainerItemProxy */;
		};
/* End PBXTargetDependency section */

/* Begin PBXVariantGroup section */
		943573F21DE2041B009C060B /* Main.storyboard */ = {
			isa = PBXVariantGroup;
			children = (
				943573F31DE2041B009C060B /* Base */,
			);
			name = Main.storyboard;
			sourceTree = "<group>";
		};
		943573FA1DE2041B009C060B /* LaunchScreen.storyboard */ = {
			isa = PBXVariantGroup;
			children = (
				943573FB1DE2041B009C060B /* Base */,
			);
			name = LaunchScreen.storyboard;
			sourceTree = "<group>";
		};
/* End PBXVariantGroup section */

/* Begin XCBuildConfiguration section */
		943574141DE2041B009C060B /* Debug */ = {
			isa = XCBuildConfiguration;
			buildSettings = {
				ALWAYS_SEARCH_USER_PATHS = NO;
				CLANG_ANALYZER_NONNULL = YES;
				CLANG_CXX_LANGUAGE_STANDARD = "gnu++0x";
				CLANG_CXX_LIBRARY = "libc++";
				CLANG_ENABLE_MODULES = YES;
				CLANG_ENABLE_OBJC_ARC = YES;
				CLANG_WARN_BOOL_CONVERSION = YES;
				CLANG_WARN_CONSTANT_CONVERSION = YES;
				CLANG_WARN_DIRECT_OBJC_ISA_USAGE = YES_ERROR;
				CLANG_WARN_EMPTY_BODY = YES;
				CLANG_WARN_ENUM_CONVERSION = YES;
				CLANG_WARN_INT_CONVERSION = YES;
				CLANG_WARN_OBJC_ROOT_CLASS = YES_ERROR;
				CLANG_WARN_UNREACHABLE_CODE = YES;
				CLANG_WARN__DUPLICATE_METHOD_MATCH = YES;
				"CODE_SIGN_IDENTITY[sdk=iphoneos*]" = "iPhone Developer";
				COPY_PHASE_STRIP = NO;
				DEBUG_INFORMATION_FORMAT = dwarf;
				ENABLE_STRICT_OBJC_MSGSEND = YES;
				ENABLE_TESTABILITY = YES;
				GCC_C_LANGUAGE_STANDARD = gnu99;
				GCC_DYNAMIC_NO_PIC = NO;
				GCC_NO_COMMON_BLOCKS = YES;
				GCC_OPTIMIZATION_LEVEL = 0;
				GCC_PREPROCESSOR_DEFINITIONS = (
					"DEBUG=1",
					"$(inherited)",
				);
				GCC_WARN_64_TO_32_BIT_CONVERSION = YES;
				GCC_WARN_ABOUT_RETURN_TYPE = YES_ERROR;
				GCC_WARN_UNDECLARED_SELECTOR = YES;
				GCC_WARN_UNINITIALIZED_AUTOS = YES_AGGRESSIVE;
				GCC_WARN_UNUSED_FUNCTION = YES;
				GCC_WARN_UNUSED_VARIABLE = YES;
				IPHONEOS_DEPLOYMENT_TARGET = 9.3;
				MTL_ENABLE_DEBUG_INFO = YES;
				ONLY_ACTIVE_ARCH = YES;
				SDKROOT = iphoneos;
				SWIFT_OPTIMIZATION_LEVEL = "-Onone";
				TARGETED_DEVICE_FAMILY = "1,2";
			};
			name = Debug;
		};
		943574151DE2041B009C060B /* Release */ = {
			isa = XCBuildConfiguration;
			buildSettings = {
				ALWAYS_SEARCH_USER_PATHS = NO;
				CLANG_ANALYZER_NONNULL = YES;
				CLANG_CXX_LANGUAGE_STANDARD = "gnu++0x";
				CLANG_CXX_LIBRARY = "libc++";
				CLANG_ENABLE_MODULES = YES;
				CLANG_ENABLE_OBJC_ARC = YES;
				CLANG_WARN_BOOL_CONVERSION = YES;
				CLANG_WARN_CONSTANT_CONVERSION = YES;
				CLANG_WARN_DIRECT_OBJC_ISA_USAGE = YES_ERROR;
				CLANG_WARN_EMPTY_BODY = YES;
				CLANG_WARN_ENUM_CONVERSION = YES;
				CLANG_WARN_INT_CONVERSION = YES;
				CLANG_WARN_OBJC_ROOT_CLASS = YES_ERROR;
				CLANG_WARN_UNREACHABLE_CODE = YES;
				CLANG_WARN__DUPLICATE_METHOD_MATCH = YES;
				"CODE_SIGN_IDENTITY[sdk=iphoneos*]" = "iPhone Developer";
				COPY_PHASE_STRIP = NO;
				DEBUG_INFORMATION_FORMAT = "dwarf-with-dsym";
				ENABLE_NS_ASSERTIONS = NO;
				ENABLE_STRICT_OBJC_MSGSEND = YES;
				GCC_C_LANGUAGE_STANDARD = gnu99;
				GCC_NO_COMMON_BLOCKS = YES;
				GCC_WARN_64_TO_32_BIT_CONVERSION = YES;
				GCC_WARN_ABOUT_RETURN_TYPE = YES_ERROR;
				GCC_WARN_UNDECLARED_SELECTOR = YES;
				GCC_WARN_UNINITIALIZED_AUTOS = YES_AGGRESSIVE;
				GCC_WARN_UNUSED_FUNCTION = YES;
				GCC_WARN_UNUSED_VARIABLE = YES;
				IPHONEOS_DEPLOYMENT_TARGET = 9.3;
				MTL_ENABLE_DEBUG_INFO = NO;
				SDKROOT = iphoneos;
				TARGETED_DEVICE_FAMILY = "1,2";
				VALIDATE_PRODUCT = YES;
			};
			name = Release;
		};
		943574171DE2041B009C060B /* Debug */ = {
			isa = XCBuildConfiguration;
			buildSettings = {
				ASSETCATALOG_COMPILER_APPICON_NAME = AppIcon;
				INFOPLIST_FILE = 500px/Info.plist;
				LD_RUNPATH_SEARCH_PATHS = "$(inherited) @executable_path/Frameworks";
				PRODUCT_BUNDLE_IDENTIFIER = "self.edu.-00px";
				PRODUCT_NAME = "$(TARGET_NAME)";
			};
			name = Debug;
		};
		943574181DE2041B009C060B /* Release */ = {
			isa = XCBuildConfiguration;
			buildSettings = {
				ASSETCATALOG_COMPILER_APPICON_NAME = AppIcon;
				INFOPLIST_FILE = 500px/Info.plist;
				LD_RUNPATH_SEARCH_PATHS = "$(inherited) @executable_path/Frameworks";
				PRODUCT_BUNDLE_IDENTIFIER = "self.edu.-00px";
				PRODUCT_NAME = "$(TARGET_NAME)";
			};
			name = Release;
		};
		9435741A1DE2041B009C060B /* Debug */ = {
			isa = XCBuildConfiguration;
			buildSettings = {
				BUNDLE_LOADER = "$(TEST_HOST)";
				INFOPLIST_FILE = 500pxTests/Info.plist;
				LD_RUNPATH_SEARCH_PATHS = "$(inherited) @executable_path/Frameworks @loader_path/Frameworks";
				PRODUCT_BUNDLE_IDENTIFIER = "self.edu.-00pxTests";
				PRODUCT_NAME = "$(TARGET_NAME)";
				TEST_HOST = "$(BUILT_PRODUCTS_DIR)/500px.app/500px";
			};
			name = Debug;
		};
		9435741B1DE2041B009C060B /* Release */ = {
			isa = XCBuildConfiguration;
			buildSettings = {
				BUNDLE_LOADER = "$(TEST_HOST)";
				INFOPLIST_FILE = 500pxTests/Info.plist;
				LD_RUNPATH_SEARCH_PATHS = "$(inherited) @executable_path/Frameworks @loader_path/Frameworks";
				PRODUCT_BUNDLE_IDENTIFIER = "self.edu.-00pxTests";
				PRODUCT_NAME = "$(TARGET_NAME)";
				TEST_HOST = "$(BUILT_PRODUCTS_DIR)/500px.app/500px";
			};
			name = Release;
		};
		9435741D1DE2041B009C060B /* Debug */ = {
			isa = XCBuildConfiguration;
			buildSettings = {
				INFOPLIST_FILE = 500pxUITests/Info.plist;
				LD_RUNPATH_SEARCH_PATHS = "$(inherited) @executable_path/Frameworks @loader_path/Frameworks";
				PRODUCT_BUNDLE_IDENTIFIER = "self.edu.-00pxUITests";
				PRODUCT_NAME = "$(TARGET_NAME)";
				TEST_TARGET_NAME = 500px;
			};
			name = Debug;
		};
		9435741E1DE2041B009C060B /* Release */ = {
			isa = XCBuildConfiguration;
			buildSettings = {
				INFOPLIST_FILE = 500pxUITests/Info.plist;
				LD_RUNPATH_SEARCH_PATHS = "$(inherited) @executable_path/Frameworks @loader_path/Frameworks";
				PRODUCT_BUNDLE_IDENTIFIER = "self.edu.-00pxUITests";
				PRODUCT_NAME = "$(TARGET_NAME)";
				TEST_TARGET_NAME = 500px;
			};
			name = Release;
		};
/* End XCBuildConfiguration section */

/* Begin XCConfigurationList section */
		943573E61DE2041B009C060B /* Build configuration list for PBXProject "500px" */ = {
			isa = XCConfigurationList;
			buildConfigurations = (
				943574141DE2041B009C060B /* Debug */,
				943574151DE2041B009C060B /* Release */,
			);
			defaultConfigurationIsVisible = 0;
			defaultConfigurationName = Release;
		};
		943574161DE2041B009C060B /* Build configuration list for PBXNativeTarget "500px" */ = {
			isa = XCConfigurationList;
			buildConfigurations = (
				943574171DE2041B009C060B /* Debug */,
				943574181DE2041B009C060B /* Release */,
			);
			defaultConfigurationIsVisible = 0;
		};
		943574191DE2041B009C060B /* Build configuration list for PBXNativeTarget "500pxTests" */ = {
			isa = XCConfigurationList;
			buildConfigurations = (
				9435741A1DE2041B009C060B /* Debug */,
				9435741B1DE2041B009C060B /* Release */,
			);
			defaultConfigurationIsVisible = 0;
		};
		9435741C1DE2041B009C060B /* Build configuration list for PBXNativeTarget "500pxUITests" */ = {
			isa = XCConfigurationList;
			buildConfigurations = (
				9435741D1DE2041B009C060B /* Debug */,
				9435741E1DE2041B009C060B /* Release */,
			);
			defaultConfigurationIsVisible = 0;
		};
/* End XCConfigurationList section */

/* Begin XCVersionGroup section */
		943573F51DE2041B009C060B /* _00px.xcdatamodeld */ = {
			isa = XCVersionGroup;
			children = (
				943573F61DE2041B009C060B /* _00px.xcdatamodel */,
			);
			currentVersion = 943573F61DE2041B009C060B /* _00px.xcdatamodel */;
			path = _00px.xcdatamodeld;
			sourceTree = "<group>";
			versionGroupType = wrapper.xcdatamodel;
		};
/* End XCVersionGroup section */
	};
	rootObject = 943573E31DE2041B009C060B /* Project object */;
}
